{
	"name": "@rsksmart/rif-id-core",
	"version": "0.0.0",
	"lockfileVersion": 1,
	"requires": true,
	"dependencies": {
		"@babel/runtime": {
			"version": "7.10.4",
			"resolved": "https://registry.npmjs.org/@babel/runtime/-/runtime-7.10.4.tgz",
			"integrity": "sha512-UpTN5yUJr9b4EX2CnGNWIvER7Ab83ibv0pcvvHc4UOdrBI5jb8bj+32cCwPX6xu0mt2daFNjYhoi+X7beH0RSw==",
			"requires": {
				"regenerator-runtime": "^0.13.4"
			}
		},
		"@stablelib/utf8": {
			"version": "1.0.0",
			"resolved": "https://registry.npmjs.org/@stablelib/utf8/-/utf8-1.0.0.tgz",
			"integrity": "sha512-Y8QWrK4T0yW0HMFfSI3ZaMHKV37q27hX5ilsmKV358x01mzYfj5fwIf2LjzTlF+UIemHEXSlSN9XJnv1ML4znQ=="
		},
		"@types/lodash": {
			"version": "4.14.157",
			"resolved": "https://registry.npmjs.org/@types/lodash/-/lodash-4.14.157.tgz",
			"integrity": "sha512-Ft5BNFmv2pHDgxV5JDsndOWTRJ+56zte0ZpYLowp03tW+K+t8u8YMOzAnpuqPgzX6WO1XpDIUm7u04M8vdDiVQ=="
		},
		"base64-js": {
			"version": "1.3.1",
			"resolved": "https://registry.npmjs.org/base64-js/-/base64-js-1.3.1.tgz",
			"integrity": "sha512-mLQ4i2QO1ytvGWFWmcngKO//JXAQueZvwEKtjgQFM4jIK0kU+ytMfplL8j+n5mspOfjHwoAg+9yhb7BwAHm36g=="
		},
		"bn.js": {
			"version": "4.11.9",
			"resolved": "https://registry.npmjs.org/bn.js/-/bn.js-4.11.9.tgz",
			"integrity": "sha512-E6QoYqCKZfgatHTdHzs1RRKP7ip4vvm+EyRUeE2RF0NblwVvb0p6jSVeNTOFxPn26QXN2o6SMfNxKp6kU8zQaw=="
		},
		"brorand": {
			"version": "1.1.0",
			"resolved": "https://registry.npmjs.org/brorand/-/brorand-1.1.0.tgz",
			"integrity": "sha1-EsJe/kCkXjwyPrhnWgoM5XsiNx8="
		},
		"buffer": {
			"version": "5.6.0",
			"resolved": "https://registry.npmjs.org/buffer/-/buffer-5.6.0.tgz",
			"integrity": "sha512-/gDYp/UtU0eA1ys8bOs9J6a+E/KWIY+DZ+Q2WESNUA0jFRsJOc0SNUO6xJ5SGA1xueg3NL65W6s+NY5l9cunuw==",
			"requires": {
				"base64-js": "^1.0.2",
				"ieee754": "^1.1.4"
			}
		},
		"did-jwt": {
			"version": "4.4.0",
			"resolved": "https://registry.npmjs.org/did-jwt/-/did-jwt-4.4.0.tgz",
			"integrity": "sha512-wCzo+dqF46fPw1xlSI35lt3y4Ovpvquj772lB8mpsSLo6eRo8YhiF4XR+MznllShb/PtHUdiDBUpWrGQjkwfAQ==",
			"requires": {
				"@babel/runtime": "^7.10.2",
				"@stablelib/utf8": "^1.0.0",
				"buffer": "^5.6.0",
				"did-resolver": "^2.0.1",
				"elliptic": "^6.5.2",
				"js-sha256": "^0.9.0",
				"js-sha3": "^0.8.0",
				"tweetnacl": "^1.0.3",
				"uport-base64url": "3.0.2-alpha.0"
			}
		},
		"did-jwt-vc": {
			"version": "1.0.3",
			"resolved": "https://registry.npmjs.org/did-jwt-vc/-/did-jwt-vc-1.0.3.tgz",
			"integrity": "sha512-hOZT/XaFlj5LcxVvcYNzQueqF5QLgAQlh6qyGJ4CHiY29ueY+aKjoR18k8NKgTQDD9pdcoJQqtvWccnxS2SBxw==",
			"requires": {
				"did-jwt": "^4.3.2"
			}
		},
		"did-resolver": {
			"version": "2.0.1",
			"resolved": "https://registry.npmjs.org/did-resolver/-/did-resolver-2.0.1.tgz",
			"integrity": "sha512-NomJQaRiu0izKFFerYGrca48YxWtMOtOoqG3JUTLJtET8n2T1i8WlQz500zesnioZWi5RVNsUS/eMQfRWy7bbg=="
		},
		"elliptic": {
			"version": "6.5.3",
			"resolved": "https://registry.npmjs.org/elliptic/-/elliptic-6.5.3.tgz",
			"integrity": "sha512-IMqzv5wNQf+E6aHeIqATs0tOLeOTwj1QKbRcS3jBbYkl5oLAserA8yJTT7/VyHUYG91PRmPyeQDObKLPpeS4dw==",
			"requires": {
				"bn.js": "^4.4.0",
				"brorand": "^1.0.1",
				"hash.js": "^1.0.0",
				"hmac-drbg": "^1.0.0",
				"inherits": "^2.0.1",
				"minimalistic-assert": "^1.0.0",
				"minimalistic-crypto-utils": "^1.0.0"
			}
		},
		"hash.js": {
			"version": "1.1.7",
			"resolved": "https://registry.npmjs.org/hash.js/-/hash.js-1.1.7.tgz",
			"integrity": "sha512-taOaskGt4z4SOANNseOviYDvjEJinIkRgmp7LbKP2YTTmVxWBl87s/uzK9r+44BclBSp2X7K1hqeNfz9JbBeXA==",
			"requires": {
				"inherits": "^2.0.3",
				"minimalistic-assert": "^1.0.1"
			}
		},
		"hmac-drbg": {
			"version": "1.0.1",
			"resolved": "https://registry.npmjs.org/hmac-drbg/-/hmac-drbg-1.0.1.tgz",
			"integrity": "sha1-0nRXAQJabHdabFRXk+1QL8DGSaE=",
			"requires": {
				"hash.js": "^1.0.3",
				"minimalistic-assert": "^1.0.0",
				"minimalistic-crypto-utils": "^1.0.1"
			}
		},
		"ieee754": {
			"version": "1.1.13",
			"resolved": "https://registry.npmjs.org/ieee754/-/ieee754-1.1.13.tgz",
			"integrity": "sha512-4vf7I2LYV/HaWerSo3XmlMkp5eZ83i+/CDluXi/IGTs/O1sejBNhTtnxzmRZfvOUqj7lZjqHkeTvpgSFDlWZTg=="
		},
		"inherits": {
			"version": "2.0.4",
			"resolved": "https://registry.npmjs.org/inherits/-/inherits-2.0.4.tgz",
			"integrity": "sha512-k/vGaX4/Yla3WzyMCvTQOXYeIHvqOKtnqBduzTHpzpQZzAskKMhZ2K+EnBiSM9zGSoIFeMpXKxa4dYeZIQqewQ=="
		},
		"js-sha256": {
			"version": "0.9.0",
			"resolved": "https://registry.npmjs.org/js-sha256/-/js-sha256-0.9.0.tgz",
			"integrity": "sha512-sga3MHh9sgQN2+pJ9VYZ+1LPwXOxuBJBA5nrR5/ofPfuiJBE2hnjsaN8se8JznOmGLN2p49Pe5U/ttafcs/apA=="
		},
		"js-sha3": {
			"version": "0.8.0",
			"resolved": "https://registry.npmjs.org/js-sha3/-/js-sha3-0.8.0.tgz",
			"integrity": "sha512-gF1cRrHhIzNfToc802P800N8PpXS+evLLXfsVpowqmAFR9uwbi89WvXg2QspOmXL8QL86J4T1EpFu+yUkwJY3Q=="
		},
		"js-tokens": {
			"version": "4.0.0",
			"resolved": "https://registry.npmjs.org/js-tokens/-/js-tokens-4.0.0.tgz",
			"integrity": "sha512-RdJUflcE3cUzKiMqQgsCu06FPu9UdIJO0beYbPhHN4k6apgJtifcoCtT9bcxOpYBtpD2kCM6Sbzg4CausW/PKQ=="
		},
		"lodash": {
			"version": "4.17.15",
			"resolved": "https://registry.npmjs.org/lodash/-/lodash-4.17.15.tgz",
			"integrity": "sha512-8xOcRHvCjnocdS5cpwXQXVzmmh5e5+saE2QGoeQmbKmRS6J3VQppPOIt0MnmE+4xlZoumy0GPG0D0MVIQbNA1A=="
		},
		"loose-envify": {
			"version": "1.4.0",
			"resolved": "https://registry.npmjs.org/loose-envify/-/loose-envify-1.4.0.tgz",
			"integrity": "sha512-lyuxPGr/Wfhrlem2CL/UcnUc1zcqKAImBDzukY7Y5F/yQiNdko6+fRLevlw1HgMySw7f611UIY408EtxRSoK3Q==",
			"requires": {
				"js-tokens": "^3.0.0 || ^4.0.0"
			}
		},
		"minimalistic-assert": {
			"version": "1.0.1",
			"resolved": "https://registry.npmjs.org/minimalistic-assert/-/minimalistic-assert-1.0.1.tgz",
			"integrity": "sha512-UtJcAD4yEaGtjPezWuO9wC4nwUnVH/8/Im3yEHQP4b67cXlD/Qr9hdITCU1xDbSEXg2XKNaP8jsReV7vQd00/A=="
		},
		"minimalistic-crypto-utils": {
			"version": "1.0.1",
			"resolved": "https://registry.npmjs.org/minimalistic-crypto-utils/-/minimalistic-crypto-utils-1.0.1.tgz",
			"integrity": "sha1-9sAMHAsIIkblxNmd+4x8CDsrWCo="
		},
		"redux": {
			"version": "4.0.5",
			"resolved": "https://registry.npmjs.org/redux/-/redux-4.0.5.tgz",
			"integrity": "sha512-VSz1uMAH24DM6MF72vcojpYPtrTUu3ByVWfPL1nPfVRb5mZVTve5GnNCUV53QM/BZ66xfWrm0CTWoM+Xlz8V1w==",
			"requires": {
				"loose-envify": "^1.4.0",
				"symbol-observable": "^1.2.0"
			}
		},
		"regenerator-runtime": {
			"version": "0.13.5",
			"resolved": "https://registry.npmjs.org/regenerator-runtime/-/regenerator-runtime-0.13.5.tgz",
			"integrity": "sha512-ZS5w8CpKFinUzOwW3c83oPeVXoNsrLsaCoLtJvAClH135j/R77RuymhiSErhm2lKcwSCIpmvIWSbDkIfAqKQlA=="
		},
		"symbol-observable": {
			"version": "1.2.0",
			"resolved": "https://registry.npmjs.org/symbol-observable/-/symbol-observable-1.2.0.tgz",
			"integrity": "sha512-e900nM8RRtGhlV36KGEU9k65K3mPb1WV70OdjfxlG2EAuM1noi/E/BaW/uMhL7bPEssK8QV57vN3esixjUvcXQ=="
		},
		"tweetnacl": {
			"version": "1.0.3",
			"resolved": "https://registry.npmjs.org/tweetnacl/-/tweetnacl-1.0.3.tgz",
			"integrity": "sha512-6rt+RN7aOi1nGMyC4Xa5DdYiukl2UWCbcJft7YhxReBGQD7OAM8Pbxw6YMo4r2diNEA8FEmu32YOn9rhaiE5yw=="
		},
		"uport-base64url": {
			"version": "3.0.2-alpha.0",
			"resolved": "https://registry.npmjs.org/uport-base64url/-/uport-base64url-3.0.2-alpha.0.tgz",
			"integrity": "sha512-pRu0xm1K39IUzuMQEmFWdqP+H8jOzblwTXf0r9wFBCa6ZLLQsNuDeUwB2Ld+9zlBSvQQv+XEzG7cQukSCueZqw==",
			"requires": {
				"buffer": "^5.2.1"
			}
		}
	}
}
